
Microsoft Visual Studio Solution File, Format Version 12.00
# Visual Studio Version 17
VisualStudioVersion = 17.9.34902.65
MinimumVisualStudioVersion = 10.0.40219.1
Project("{9A19103F-16F7-4668-BE54-9A1E7A4F7556}") = "PT.BLL", "PT.BLL\PT.BLL.csproj", "{F1556996-4F56-4B38-A28C-B32C441767F2}"
EndProject
Project("{9A19103F-16F7-4668-BE54-9A1E7A4F7556}") = "PT.DAL", "PT.DAL\PT.DAL.csproj", "{CC5B5B72-FA5F-4E24-89E4-69180C47EA6F}"
EndProject
Project("{FAE04EC0-301F-11D3-BF4B-00C04F79EFBC}") = "PT.WebAPI", "PT.WebAPI\PT.WebAPI.csproj", "{77BF828F-1B89-4E0A-8406-E289798D8380}"
EndProject
Global
	GlobalSection(SolutionConfigurationPlatforms) = preSolution
		Debug|Any CPU = Debug|Any CPU
		Release|Any CPU = Release|Any CPU
	EndGlobalSection
	GlobalSection(ProjectConfigurationPlatforms) = postSolution
		{F1556996-4F56-4B38-A28C-B32C441767F2}.Debug|Any CPU.ActiveCfg = Debug|Any CPU
		{F1556996-4F56-4B38-A28C-B32C441767F2}.Debug|Any CPU.Build.0 = Debug|Any CPU
		{F1556996-4F56-4B38-A28C-B32C441767F2}.Release|Any CPU.ActiveCfg = Release|Any CPU
		{F1556996-4F56-4B38-A28C-B32C441767F2}.Release|Any CPU.Build.0 = Release|Any CPU
		{CC5B5B72-FA5F-4E24-89E4-69180C47EA6F}.Debug|Any CPU.ActiveCfg = Debug|Any CPU
		{CC5B5B72-FA5F-4E24-89E4-69180C47EA6F}.Debug|Any CPU.Build.0 = Debug|Any CPU
		{CC5B5B72-FA5F-4E24-89E4-69180C47EA6F}.Release|Any CPU.ActiveCfg = Release|Any CPU
		{CC5B5B72-FA5F-4E24-89E4-69180C47EA6F}.Release|Any CPU.Build.0 = Release|Any CPU
		{77BF828F-1B89-4E0A-8406-E289798D8380}.Debug|Any CPU.ActiveCfg = Debug|Any CPU
		{77BF828F-1B89-4E0A-8406-E289798D8380}.Debug|Any CPU.Build.0 = Debug|Any CPU
		{77BF828F-1B89-4E0A-8406-E289798D8380}.Release|Any CPU.ActiveCfg = Release|Any CPU
		{77BF828F-1B89-4E0A-8406-E289798D8380}.Release|Any CPU.Build.0 = Release|Any CPU
	EndGlobalSection
	GlobalSection(SolutionProperties) = preSolution
		HideSolutionNode = FALSE
	EndGlobalSection
	GlobalSection(ExtensibilityGlobals) = postSolution
		SolutionGuid = {13E3168F-8A56-49CE-883B-CDA67C7AC4C4}
	EndGlobalSection
EndGlobal
